
Microsoft Visual Studio Solution File, Format Version 12.00
# Visual Studio 14
VisualStudioVersion = 14.0.25123.0
MinimumVisualStudioVersion = 10.0.40219.1
Project("{FAE04EC0-301F-11D3-BF4B-00C04F79EFBC}") = "DAL", "DAL\DAL.csproj", "{397CE887-3734-4D71-BC4E-66F0CBC52C7C}"
EndProject
Project("{FAE04EC0-301F-11D3-BF4B-00C04F79EFBC}") = "SimpleConsoleApp", "SimpleConsoleApp\SimpleConsoleApp.csproj", "{5DA1DB02-0963-4AEC-BF3A-13661EF73A05}"
EndProject
Project("{FAE04EC0-301F-11D3-BF4B-00C04F79EFBC}") = "BL", "BL\BL.csproj", "{120A3796-63F9-404B-9DE8-7E153307F3DB}"
EndProject
Project("{FAE04EC0-301F-11D3-BF4B-00C04F79EFBC}") = "Web", "Web\Web.csproj", "{35563A71-FF25-4DA1-A96B-325B1E10BFE5}"
EndProject
Global
	GlobalSection(SolutionConfigurationPlatforms) = preSolution
		Debug|Any CPU = Debug|Any CPU
		Release|Any CPU = Release|Any CPU
	EndGlobalSection
	GlobalSection(ProjectConfigurationPlatforms) = postSolution
		{397CE887-3734-4D71-BC4E-66F0CBC52C7C}.Debug|Any CPU.ActiveCfg = Debug|Any CPU
		{397CE887-3734-4D71-BC4E-66F0CBC52C7C}.Debug|Any CPU.Build.0 = Debug|Any CPU
		{397CE887-3734-4D71-BC4E-66F0CBC52C7C}.Release|Any CPU.ActiveCfg = Release|Any CPU
		{397CE887-3734-4D71-BC4E-66F0CBC52C7C}.Release|Any CPU.Build.0 = Release|Any CPU
		{5DA1DB02-0963-4AEC-BF3A-13661EF73A05}.Debug|Any CPU.ActiveCfg = Debug|Any CPU
		{5DA1DB02-0963-4AEC-BF3A-13661EF73A05}.Debug|Any CPU.Build.0 = Debug|Any CPU
		{5DA1DB02-0963-4AEC-BF3A-13661EF73A05}.Release|Any CPU.ActiveCfg = Release|Any CPU
		{5DA1DB02-0963-4AEC-BF3A-13661EF73A05}.Release|Any CPU.Build.0 = Release|Any CPU
		{120A3796-63F9-404B-9DE8-7E153307F3DB}.Debug|Any CPU.ActiveCfg = Debug|Any CPU
		{120A3796-63F9-404B-9DE8-7E153307F3DB}.Debug|Any CPU.Build.0 = Debug|Any CPU
		{120A3796-63F9-404B-9DE8-7E153307F3DB}.Release|Any CPU.ActiveCfg = Release|Any CPU
		{120A3796-63F9-404B-9DE8-7E153307F3DB}.Release|Any CPU.Build.0 = Release|Any CPU
		{35563A71-FF25-4DA1-A96B-325B1E10BFE5}.Debug|Any CPU.ActiveCfg = Debug|Any CPU
		{35563A71-FF25-4DA1-A96B-325B1E10BFE5}.Debug|Any CPU.Build.0 = Debug|Any CPU
		{35563A71-FF25-4DA1-A96B-325B1E10BFE5}.Release|Any CPU.ActiveCfg = Release|Any CPU
		{35563A71-FF25-4DA1-A96B-325B1E10BFE5}.Release|Any CPU.Build.0 = Release|Any CPU
	EndGlobalSection
	GlobalSection(SolutionProperties) = preSolution
		HideSolutionNode = FALSE
	EndGlobalSection
EndGlobal
